// !$*UTF8*$!
{
	archiveVersion = 1;
	classes = {
	};
	objectVersion = 56;
	objects = {

/* Begin PBXBuildFile section */
		BD0201A12E00559C00A71020 /* ProductRepository.swift in Sources */ = {isa = PBXBuildFile; fileRef = BD0201A02E00559C00A71020 /* ProductRepository.swift */; };
		BD0201A42E005AF100A71020 /* DIContainer.swift in Sources */ = {isa = PBXBuildFile; fileRef = BD0201A32E005AF100A71020 /* DIContainer.swift */; };
		BDDF16072E0005D400530378 /* MainApp.swift in Sources */ = {isa = PBXBuildFile; fileRef = BDDF16062E0005D400530378 /* MainApp.swift */; };
		BDDF160B2E0005DA00530378 /* Assets.xcassets in Resources */ = {isa = PBXBuildFile; fileRef = BDDF160A2E0005DA00530378 /* Assets.xcassets */; };
		BDDF160E2E0005DA00530378 /* Preview Assets.xcassets in Resources */ = {isa = PBXBuildFile; fileRef = BDDF160D2E0005DA00530378 /* Preview Assets.xcassets */; };
		BDDF16182E0005DB00530378 /* DemoProductAppTests.swift in Sources */ = {isa = PBXBuildFile; fileRef = BDDF16172E0005DB00530378 /* DemoProductAppTests.swift */; };
		BDDF16222E0005DC00530378 /* DemoProductAppUITests.swift in Sources */ = {isa = PBXBuildFile; fileRef = BDDF16212E0005DC00530378 /* DemoProductAppUITests.swift */; };
		BDDF16242E0005DC00530378 /* DemoProductAppUITestsLaunchTests.swift in Sources */ = {isa = PBXBuildFile; fileRef = BDDF16232E0005DC00530378 /* DemoProductAppUITestsLaunchTests.swift */; };
		BDDF16332E00065C00530378 /* AppCoordinator.swift in Sources */ = {isa = PBXBuildFile; fileRef = BDDF16322E00065C00530378 /* AppCoordinator.swift */; };
		BDDF16352E00068300530378 /* Product.swift in Sources */ = {isa = PBXBuildFile; fileRef = BDDF16342E00068300530378 /* Product.swift */; };
		BDDF16372E00069300530378 /* FetchProductsUseCase.swift in Sources */ = {isa = PBXBuildFile; fileRef = BDDF16362E00069300530378 /* FetchProductsUseCase.swift */; };
		BDDF16392E0006A600530378 /* ProductRepositoryImpl.swift in Sources */ = {isa = PBXBuildFile; fileRef = BDDF16382E0006A600530378 /* ProductRepositoryImpl.swift */; };
		BDDF163B2E0006CF00530378 /* ProductsListViewModel.swift in Sources */ = {isa = PBXBuildFile; fileRef = BDDF163A2E0006CF00530378 /* ProductsListViewModel.swift */; };
		BDDF163D2E0006E900530378 /* ProductRouter.swift in Sources */ = {isa = PBXBuildFile; fileRef = BDDF163C2E0006E900530378 /* ProductRouter.swift */; };
		BDDF163F2E0006F700530378 /* ProductsListView.swift in Sources */ = {isa = PBXBuildFile; fileRef = BDDF163E2E0006F700530378 /* ProductsListView.swift */; };
		BDDF16412E00070600530378 /* ProductDetailView.swift in Sources */ = {isa = PBXBuildFile; fileRef = BDDF16402E00070600530378 /* ProductDetailView.swift */; };
		BDDF16432E00097800530378 /* RootView.swift in Sources */ = {isa = PBXBuildFile; fileRef = BDDF16422E00097800530378 /* RootView.swift */; };
		BDDF16452E00175600530378 /* ProductDetailViewModel.swift in Sources */ = {isa = PBXBuildFile; fileRef = BDDF16442E00175600530378 /* ProductDetailViewModel.swift */; };
		BDDF16492E00198300530378 /* Double+Extensions.swift in Sources */ = {isa = PBXBuildFile; fileRef = BDDF16482E00198300530378 /* Double+Extensions.swift */; };
		BDDF16592E001D9C00530378 /* ProductDTO.swift in Sources */ = {isa = PBXBuildFile; fileRef = BDDF16582E001D9C00530378 /* ProductDTO.swift */; };
		BDDF165B2E001EFB00530378 /* ProductResponseDTO.swift in Sources */ = {isa = PBXBuildFile; fileRef = BDDF165A2E001EFB00530378 /* ProductResponseDTO.swift */; };
		BDDF165E2E001F1E00530378 /* APIClientProtocol.swift in Sources */ = {isa = PBXBuildFile; fileRef = BDDF165D2E001F1E00530378 /* APIClientProtocol.swift */; };
		BDDF16602E001F3E00530378 /* APIClient.swift in Sources */ = {isa = PBXBuildFile; fileRef = BDDF165F2E001F3E00530378 /* APIClient.swift */; };
		BDDF16632E00203000530378 /* Constants.swift in Sources */ = {isa = PBXBuildFile; fileRef = BDDF16622E00203000530378 /* Constants.swift */; };
		BDDF16652E00215800530378 /* ReviewDTO.swift in Sources */ = {isa = PBXBuildFile; fileRef = BDDF16642E00215800530378 /* ReviewDTO.swift */; };
		BDDF16672E00218D00530378 /* Review.swift in Sources */ = {isa = PBXBuildFile; fileRef = BDDF16662E00218D00530378 /* Review.swift */; };
		BDDF166C2E00248800530378 /* ProductReviewsViewModel.swift in Sources */ = {isa = PBXBuildFile; fileRef = BDDF166B2E00248800530378 /* ProductReviewsViewModel.swift */; };
		BDDF166E2E00249E00530378 /* ProductReviewsView.swift in Sources */ = {isa = PBXBuildFile; fileRef = BDDF166D2E00249E00530378 /* ProductReviewsView.swift */; };
		BDDF16702E0027E900530378 /* ProductCoordinator.swift in Sources */ = {isa = PBXBuildFile; fileRef = BDDF166F2E0027E900530378 /* ProductCoordinator.swift */; };
		BDDF16722E0028C400530378 /* View+Extensions.swift in Sources */ = {isa = PBXBuildFile; fileRef = BDDF16712E0028C400530378 /* View+Extensions.swift */; };
/* End PBXBuildFile section */

/* Begin PBXContainerItemProxy section */
		BDDF16142E0005DB00530378 /* PBXContainerItemProxy */ = {
			isa = PBXContainerItemProxy;
			containerPortal = BDDF15FB2E0005D400530378 /* Project object */;
			proxyType = 1;
			remoteGlobalIDString = BDDF16022E0005D400530378;
			remoteInfo = DemoProductApp;
		};
		BDDF161E2E0005DC00530378 /* PBXContainerItemProxy */ = {
			isa = PBXContainerItemProxy;
			containerPortal = BDDF15FB2E0005D400530378 /* Project object */;
			proxyType = 1;
			remoteGlobalIDString = BDDF16022E0005D400530378;
			remoteInfo = DemoProductApp;
		};
/* End PBXContainerItemProxy section */

/* Begin PBXFileReference section */
		BD0201A02E00559C00A71020 /* ProductRepository.swift */ = {isa = PBXFileReference; lastKnownFileType = sourcecode.swift; path = ProductRepository.swift; sourceTree = "<group>"; };
		BD0201A32E005AF100A71020 /* DIContainer.swift */ = {isa = PBXFileReference; lastKnownFileType = sourcecode.swift; path = DIContainer.swift; sourceTree = "<group>"; };
		BDDF16032E0005D400530378 /* DemoProductApp.app */ = {isa = PBXFileReference; explicitFileType = wrapper.application; includeInIndex = 0; path = DemoProductApp.app; sourceTree = BUILT_PRODUCTS_DIR; };
		BDDF16062E0005D400530378 /* MainApp.swift */ = {isa = PBXFileReference; lastKnownFileType = sourcecode.swift; path = MainApp.swift; sourceTree = "<group>"; };
		BDDF160A2E0005DA00530378 /* Assets.xcassets */ = {isa = PBXFileReference; lastKnownFileType = folder.assetcatalog; path = Assets.xcassets; sourceTree = "<group>"; };
		BDDF160D2E0005DA00530378 /* Preview Assets.xcassets */ = {isa = PBXFileReference; lastKnownFileType = folder.assetcatalog; path = "Preview Assets.xcassets"; sourceTree = "<group>"; };
		BDDF16132E0005DB00530378 /* DemoProductAppTests.xctest */ = {isa = PBXFileReference; explicitFileType = wrapper.cfbundle; includeInIndex = 0; path = DemoProductAppTests.xctest; sourceTree = BUILT_PRODUCTS_DIR; };
		BDDF16172E0005DB00530378 /* DemoProductAppTests.swift */ = {isa = PBXFileReference; lastKnownFileType = sourcecode.swift; path = DemoProductAppTests.swift; sourceTree = "<group>"; };
		BDDF161D2E0005DC00530378 /* DemoProductAppUITests.xctest */ = {isa = PBXFileReference; explicitFileType = wrapper.cfbundle; includeInIndex = 0; path = DemoProductAppUITests.xctest; sourceTree = BUILT_PRODUCTS_DIR; };
		BDDF16212E0005DC00530378 /* DemoProductAppUITests.swift */ = {isa = PBXFileReference; lastKnownFileType = sourcecode.swift; path = DemoProductAppUITests.swift; sourceTree = "<group>"; };
		BDDF16232E0005DC00530378 /* DemoProductAppUITestsLaunchTests.swift */ = {isa = PBXFileReference; lastKnownFileType = sourcecode.swift; path = DemoProductAppUITestsLaunchTests.swift; sourceTree = "<group>"; };
		BDDF16322E00065C00530378 /* AppCoordinator.swift */ = {isa = PBXFileReference; lastKnownFileType = sourcecode.swift; path = AppCoordinator.swift; sourceTree = "<group>"; };
		BDDF16342E00068300530378 /* Product.swift */ = {isa = PBXFileReference; lastKnownFileType = sourcecode.swift; path = Product.swift; sourceTree = "<group>"; };
		BDDF16362E00069300530378 /* FetchProductsUseCase.swift */ = {isa = PBXFileReference; lastKnownFileType = sourcecode.swift; path = FetchProductsUseCase.swift; sourceTree = "<group>"; };
		BDDF16382E0006A600530378 /* ProductRepositoryImpl.swift */ = {isa = PBXFileReference; lastKnownFileType = sourcecode.swift; path = ProductRepositoryImpl.swift; sourceTree = "<group>"; };
		BDDF163A2E0006CF00530378 /* ProductsListViewModel.swift */ = {isa = PBXFileReference; lastKnownFileType = sourcecode.swift; path = ProductsListViewModel.swift; sourceTree = "<group>"; };
		BDDF163C2E0006E900530378 /* ProductRouter.swift */ = {isa = PBXFileReference; lastKnownFileType = sourcecode.swift; path = ProductRouter.swift; sourceTree = "<group>"; };
		BDDF163E2E0006F700530378 /* ProductsListView.swift */ = {isa = PBXFileReference; lastKnownFileType = sourcecode.swift; path = ProductsListView.swift; sourceTree = "<group>"; };
		BDDF16402E00070600530378 /* ProductDetailView.swift */ = {isa = PBXFileReference; lastKnownFileType = sourcecode.swift; path = ProductDetailView.swift; sourceTree = "<group>"; };
		BDDF16422E00097800530378 /* RootView.swift */ = {isa = PBXFileReference; lastKnownFileType = sourcecode.swift; path = RootView.swift; sourceTree = "<group>"; };
		BDDF16442E00175600530378 /* ProductDetailViewModel.swift */ = {isa = PBXFileReference; lastKnownFileType = sourcecode.swift; path = ProductDetailViewModel.swift; sourceTree = "<group>"; };
		BDDF16482E00198300530378 /* Double+Extensions.swift */ = {isa = PBXFileReference; lastKnownFileType = sourcecode.swift; path = "Double+Extensions.swift"; sourceTree = "<group>"; };
		BDDF16582E001D9C00530378 /* ProductDTO.swift */ = {isa = PBXFileReference; lastKnownFileType = sourcecode.swift; path = ProductDTO.swift; sourceTree = "<group>"; };
		BDDF165A2E001EFB00530378 /* ProductResponseDTO.swift */ = {isa = PBXFileReference; lastKnownFileType = sourcecode.swift; path = ProductResponseDTO.swift; sourceTree = "<group>"; };
		BDDF165D2E001F1E00530378 /* APIClientProtocol.swift */ = {isa = PBXFileReference; lastKnownFileType = sourcecode.swift; path = APIClientProtocol.swift; sourceTree = "<group>"; };
		BDDF165F2E001F3E00530378 /* APIClient.swift */ = {isa = PBXFileReference; lastKnownFileType = sourcecode.swift; path = APIClient.swift; sourceTree = "<group>"; };
		BDDF16622E00203000530378 /* Constants.swift */ = {isa = PBXFileReference; lastKnownFileType = sourcecode.swift; path = Constants.swift; sourceTree = "<group>"; };
		BDDF16642E00215800530378 /* ReviewDTO.swift */ = {isa = PBXFileReference; lastKnownFileType = sourcecode.swift; path = ReviewDTO.swift; sourceTree = "<group>"; };
		BDDF16662E00218D00530378 /* Review.swift */ = {isa = PBXFileReference; lastKnownFileType = sourcecode.swift; path = Review.swift; sourceTree = "<group>"; };
		BDDF166B2E00248800530378 /* ProductReviewsViewModel.swift */ = {isa = PBXFileReference; lastKnownFileType = sourcecode.swift; path = ProductReviewsViewModel.swift; sourceTree = "<group>"; };
		BDDF166D2E00249E00530378 /* ProductReviewsView.swift */ = {isa = PBXFileReference; lastKnownFileType = sourcecode.swift; path = ProductReviewsView.swift; sourceTree = "<group>"; };
		BDDF166F2E0027E900530378 /* ProductCoordinator.swift */ = {isa = PBXFileReference; lastKnownFileType = sourcecode.swift; path = ProductCoordinator.swift; sourceTree = "<group>"; };
		BDDF16712E0028C400530378 /* View+Extensions.swift */ = {isa = PBXFileReference; lastKnownFileType = sourcecode.swift; path = "View+Extensions.swift"; sourceTree = "<group>"; };
/* End PBXFileReference section */

/* Begin PBXFrameworksBuildPhase section */
		BDDF16002E0005D400530378 /* Frameworks */ = {
			isa = PBXFrameworksBuildPhase;
			buildActionMask = 2147483647;
			files = (
			);
			runOnlyForDeploymentPostprocessing = 0;
		};
		BDDF16102E0005DB00530378 /* Frameworks */ = {
			isa = PBXFrameworksBuildPhase;
			buildActionMask = 2147483647;
			files = (
			);
			runOnlyForDeploymentPostprocessing = 0;
		};
		BDDF161A2E0005DC00530378 /* Frameworks */ = {
			isa = PBXFrameworksBuildPhase;
			buildActionMask = 2147483647;
			files = (
			);
			runOnlyForDeploymentPostprocessing = 0;
		};
/* End PBXFrameworksBuildPhase section */

/* Begin PBXGroup section */
		BD02019F2E0053DC00A71020 /* Repository */ = {
			isa = PBXGroup;
			children = (
				BD0201A02E00559C00A71020 /* ProductRepository.swift */,
			);
			path = Repository;
			sourceTree = "<group>";
		};
		BD0201A22E005AE700A71020 /* DI */ = {
			isa = PBXGroup;
			children = (
				BD0201A32E005AF100A71020 /* DIContainer.swift */,
			);
			path = DI;
			sourceTree = "<group>";
		};
		BDDF15FA2E0005D400530378 = {
			isa = PBXGroup;
			children = (
				BDDF16052E0005D400530378 /* DemoProductApp */,
				BDDF16162E0005DB00530378 /* DemoProductAppTests */,
				BDDF16202E0005DC00530378 /* DemoProductAppUITests */,
				BDDF16042E0005D400530378 /* Products */,
			);
			sourceTree = "<group>";
		};
		BDDF16042E0005D400530378 /* Products */ = {
			isa = PBXGroup;
			children = (
				BDDF16032E0005D400530378 /* DemoProductApp.app */,
				BDDF16132E0005DB00530378 /* DemoProductAppTests.xctest */,
				BDDF161D2E0005DC00530378 /* DemoProductAppUITests.xctest */,
			);
			name = Products;
			sourceTree = "<group>";
		};
		BDDF16052E0005D400530378 /* DemoProductApp */ = {
			isa = PBXGroup;
			children = (
				BDDF164D2E001B1700530378 /* Presentation */,
				BDDF164C2E001B0E00530378 /* Domain */,
				BDDF164B2E001B0600530378 /* Data */,
				BDDF164A2E001AFF00530378 /* Core */,
				BDDF160A2E0005DA00530378 /* Assets.xcassets */,
				BDDF160C2E0005DA00530378 /* Preview Content */,
			);
			path = DemoProductApp;
			sourceTree = "<group>";
		};
		BDDF160C2E0005DA00530378 /* Preview Content */ = {
			isa = PBXGroup;
			children = (
				BDDF160D2E0005DA00530378 /* Preview Assets.xcassets */,
			);
			path = "Preview Content";
			sourceTree = "<group>";
		};
		BDDF16162E0005DB00530378 /* DemoProductAppTests */ = {
			isa = PBXGroup;
			children = (
				BDDF16172E0005DB00530378 /* DemoProductAppTests.swift */,
			);
			path = DemoProductAppTests;
			sourceTree = "<group>";
		};
		BDDF16202E0005DC00530378 /* DemoProductAppUITests */ = {
			isa = PBXGroup;
			children = (
				BDDF16212E0005DC00530378 /* DemoProductAppUITests.swift */,
				BDDF16232E0005DC00530378 /* DemoProductAppUITestsLaunchTests.swift */,
			);
			path = DemoProductAppUITests;
			sourceTree = "<group>";
		};
		BDDF164A2E001AFF00530378 /* Core */ = {
			isa = PBXGroup;
			children = (
				BD0201A22E005AE700A71020 /* DI */,
				BDDF16732E002D1000530378 /* View */,
				BDDF16612E00202500530378 /* Config */,
				BDDF165C2E001F1400530378 /* Network */,
				BDDF16532E001C3000530378 /* Extensions */,
				BDDF16522E001C1200530378 /* Coordinator */,
			);
			path = Core;
			sourceTree = "<group>";
		};
		BDDF164B2E001B0600530378 /* Data */ = {
			isa = PBXGroup;
			children = (
				BDDF16682E00227100530378 /* DTOs */,
				BDDF16562E001CF500530378 /* Repository */,
			);
			path = Data;
			sourceTree = "<group>";
		};
		BDDF164C2E001B0E00530378 /* Domain */ = {
			isa = PBXGroup;
			children = (
				BD02019F2E0053DC00A71020 /* Repository */,
				BDDF16552E001C6600530378 /* UseCase */,
				BDDF16542E001C5700530378 /* Entity */,
			);
			path = Domain;
			sourceTree = "<group>";
		};
		BDDF164D2E001B1700530378 /* Presentation */ = {
			isa = PBXGroup;
			children = (
				BDDF164E2E001B4C00530378 /* Product */,
			);
			path = Presentation;
			sourceTree = "<group>";
		};
		BDDF164E2E001B4C00530378 /* Product */ = {
			isa = PBXGroup;
			children = (
				BDDF16512E001B7A00530378 /* ProductReviews */,
				BDDF16502E001B6F00530378 /* ProductDetail */,
				BDDF164F2E001B5600530378 /* ProductsList */,
			);
			path = Product;
			sourceTree = "<group>";
		};
		BDDF164F2E001B5600530378 /* ProductsList */ = {
			isa = PBXGroup;
			children = (
				BDDF163E2E0006F700530378 /* ProductsListView.swift */,
				BDDF163A2E0006CF00530378 /* ProductsListViewModel.swift */,
			);
			path = ProductsList;
			sourceTree = "<group>";
		};
		BDDF16502E001B6F00530378 /* ProductDetail */ = {
			isa = PBXGroup;
			children = (
				BDDF16402E00070600530378 /* ProductDetailView.swift */,
				BDDF16442E00175600530378 /* ProductDetailViewModel.swift */,
			);
			path = ProductDetail;
			sourceTree = "<group>";
		};
		BDDF16512E001B7A00530378 /* ProductReviews */ = {
			isa = PBXGroup;
			children = (
				BDDF166B2E00248800530378 /* ProductReviewsViewModel.swift */,
				BDDF166D2E00249E00530378 /* ProductReviewsView.swift */,
			);
			path = ProductReviews;
			sourceTree = "<group>";
		};
		BDDF16522E001C1200530378 /* Coordinator */ = {
			isa = PBXGroup;
			children = (
				BDDF16322E00065C00530378 /* AppCoordinator.swift */,
				BDDF163C2E0006E900530378 /* ProductRouter.swift */,
				BDDF166F2E0027E900530378 /* ProductCoordinator.swift */,
			);
			path = Coordinator;
			sourceTree = "<group>";
		};
		BDDF16532E001C3000530378 /* Extensions */ = {
			isa = PBXGroup;
			children = (
				BDDF16482E00198300530378 /* Double+Extensions.swift */,
				BDDF16712E0028C400530378 /* View+Extensions.swift */,
			);
			path = Extensions;
			sourceTree = "<group>";
		};
		BDDF16542E001C5700530378 /* Entity */ = {
			isa = PBXGroup;
			children = (
				BDDF16342E00068300530378 /* Product.swift */,
				BDDF16662E00218D00530378 /* Review.swift */,
			);
			path = Entity;
			sourceTree = "<group>";
		};
		BDDF16552E001C6600530378 /* UseCase */ = {
			isa = PBXGroup;
			children = (
				BDDF16362E00069300530378 /* FetchProductsUseCase.swift */,
			);
			path = UseCase;
			sourceTree = "<group>";
		};
		BDDF16562E001CF500530378 /* Repository */ = {
			isa = PBXGroup;
			children = (
				BDDF16382E0006A600530378 /* ProductRepositoryImpl.swift */,
			);
			path = Repository;
			sourceTree = "<group>";
		};
		BDDF165C2E001F1400530378 /* Network */ = {
			isa = PBXGroup;
			children = (
				BDDF165D2E001F1E00530378 /* APIClientProtocol.swift */,
				BDDF165F2E001F3E00530378 /* APIClient.swift */,
			);
			path = Network;
			sourceTree = "<group>";
		};
		BDDF16612E00202500530378 /* Config */ = {
			isa = PBXGroup;
			children = (
				BDDF16622E00203000530378 /* Constants.swift */,
			);
			path = Config;
			sourceTree = "<group>";
		};
		BDDF16682E00227100530378 /* DTOs */ = {
			isa = PBXGroup;
			children = (
				BDDF16582E001D9C00530378 /* ProductDTO.swift */,
				BDDF165A2E001EFB00530378 /* ProductResponseDTO.swift */,
				BDDF16642E00215800530378 /* ReviewDTO.swift */,
			);
			path = DTOs;
			sourceTree = "<group>";
		};
		BDDF16732E002D1000530378 /* View */ = {
			isa = PBXGroup;
			children = (
				BDDF16062E0005D400530378 /* MainApp.swift */,
				BDDF16422E00097800530378 /* RootView.swift */,
			);
			path = View;
			sourceTree = "<group>";
		};
/* End PBXGroup section */

/* Begin PBXNativeTarget section */
		BDDF16022E0005D400530378 /* DemoProductApp */ = {
			isa = PBXNativeTarget;
			buildConfigurationList = BDDF16272E0005DC00530378 /* Build configuration list for PBXNativeTarget "DemoProductApp" */;
			buildPhases = (
				BDDF15FF2E0005D400530378 /* Sources */,
				BDDF16002E0005D400530378 /* Frameworks */,
				BDDF16012E0005D400530378 /* Resources */,
			);
			buildRules = (
			);
			dependencies = (
			);
			name = DemoProductApp;
			productName = DemoProductApp;
			productReference = BDDF16032E0005D400530378 /* DemoProductApp.app */;
			productType = "com.apple.product-type.application";
		};
		BDDF16122E0005DB00530378 /* DemoProductAppTests */ = {
			isa = PBXNativeTarget;
			buildConfigurationList = BDDF162A2E0005DC00530378 /* Build configuration list for PBXNativeTarget "DemoProductAppTests" */;
			buildPhases = (
				BDDF160F2E0005DB00530378 /* Sources */,
				BDDF16102E0005DB00530378 /* Frameworks */,
				BDDF16112E0005DB00530378 /* Resources */,
			);
			buildRules = (
			);
			dependencies = (
				BDDF16152E0005DB00530378 /* PBXTargetDependency */,
			);
			name = DemoProductAppTests;
			productName = DemoProductAppTests;
			productReference = BDDF16132E0005DB00530378 /* DemoProductAppTests.xctest */;
			productType = "com.apple.product-type.bundle.unit-test";
		};
		BDDF161C2E0005DC00530378 /* DemoProductAppUITests */ = {
			isa = PBXNativeTarget;
			buildConfigurationList = BDDF162D2E0005DC00530378 /* Build configuration list for PBXNativeTarget "DemoProductAppUITests" */;
			buildPhases = (
				BDDF16192E0005DC00530378 /* Sources */,
				BDDF161A2E0005DC00530378 /* Frameworks */,
				BDDF161B2E0005DC00530378 /* Resources */,
			);
			buildRules = (
			);
			dependencies = (
				BDDF161F2E0005DC00530378 /* PBXTargetDependency */,
			);
			name = DemoProductAppUITests;
			productName = DemoProductAppUITests;
			productReference = BDDF161D2E0005DC00530378 /* DemoProductAppUITests.xctest */;
			productType = "com.apple.product-type.bundle.ui-testing";
		};
/* End PBXNativeTarget section */

/* Begin PBXProject section */
		BDDF15FB2E0005D400530378 /* Project object */ = {
			isa = PBXProject;
			attributes = {
				BuildIndependentTargetsInParallel = 1;
				LastSwiftUpdateCheck = 1420;
				LastUpgradeCheck = 1420;
				TargetAttributes = {
					BDDF16022E0005D400530378 = {
						CreatedOnToolsVersion = 14.2;
					};
					BDDF16122E0005DB00530378 = {
						CreatedOnToolsVersion = 14.2;
						TestTargetID = BDDF16022E0005D400530378;
					};
					BDDF161C2E0005DC00530378 = {
						CreatedOnToolsVersion = 14.2;
						TestTargetID = BDDF16022E0005D400530378;
					};
				};
			};
			buildConfigurationList = BDDF15FE2E0005D400530378 /* Build configuration list for PBXProject "DemoProductApp" */;
			compatibilityVersion = "Xcode 14.0";
			developmentRegion = en;
			hasScannedForEncodings = 0;
			knownRegions = (
				en,
				Base,
			);
			mainGroup = BDDF15FA2E0005D400530378;
			productRefGroup = BDDF16042E0005D400530378 /* Products */;
			projectDirPath = "";
			projectRoot = "";
			targets = (
				BDDF16022E0005D400530378 /* DemoProductApp */,
				BDDF16122E0005DB00530378 /* DemoProductAppTests */,
				BDDF161C2E0005DC00530378 /* DemoProductAppUITests */,
			);
		};
/* End PBXProject section */

/* Begin PBXResourcesBuildPhase section */
		BDDF16012E0005D400530378 /* Resources */ = {
			isa = PBXResourcesBuildPhase;
			buildActionMask = 2147483647;
			files = (
				BDDF160E2E0005DA00530378 /* Preview Assets.xcassets in Resources */,
				BDDF160B2E0005DA00530378 /* Assets.xcassets in Resources */,
			);
			runOnlyForDeploymentPostprocessing = 0;
		};
		BDDF16112E0005DB00530378 /* Resources */ = {
			isa = PBXResourcesBuildPhase;
			buildActionMask = 2147483647;
			files = (
			);
			runOnlyForDeploymentPostprocessing = 0;
		};
		BDDF161B2E0005DC00530378 /* Resources */ = {
			isa = PBXResourcesBuildPhase;
			buildActionMask = 2147483647;
			files = (
			);
			runOnlyForDeploymentPostprocessing = 0;
		};
/* End PBXResourcesBuildPhase section */

/* Begin PBXSourcesBuildPhase section */
		BDDF15FF2E0005D400530378 /* Sources */ = {
			isa = PBXSourcesBuildPhase;
			buildActionMask = 2147483647;
			files = (
				BDDF16652E00215800530378 /* ReviewDTO.swift in Sources */,
				BDDF163D2E0006E900530378 /* ProductRouter.swift in Sources */,
				BDDF16602E001F3E00530378 /* APIClient.swift in Sources */,
				BDDF16412E00070600530378 /* ProductDetailView.swift in Sources */,
				BDDF16492E00198300530378 /* Double+Extensions.swift in Sources */,
				BDDF16702E0027E900530378 /* ProductCoordinator.swift in Sources */,
				BDDF16672E00218D00530378 /* Review.swift in Sources */,
				BDDF166C2E00248800530378 /* ProductReviewsViewModel.swift in Sources */,
				BDDF16332E00065C00530378 /* AppCoordinator.swift in Sources */,
				BDDF16352E00068300530378 /* Product.swift in Sources */,
				BDDF16392E0006A600530378 /* ProductRepositoryImpl.swift in Sources */,
				BD0201A12E00559C00A71020 /* ProductRepository.swift in Sources */,
				BDDF163B2E0006CF00530378 /* ProductsListViewModel.swift in Sources */,
				BDDF163F2E0006F700530378 /* ProductsListView.swift in Sources */,
				BDDF16072E0005D400530378 /* MainApp.swift in Sources */,
				BDDF16372E00069300530378 /* FetchProductsUseCase.swift in Sources */,
				BDDF16432E00097800530378 /* RootView.swift in Sources */,
				BDDF16452E00175600530378 /* ProductDetailViewModel.swift in Sources */,
				BDDF165B2E001EFB00530378 /* ProductResponseDTO.swift in Sources */,
				BDDF165E2E001F1E00530378 /* APIClientProtocol.swift in Sources */,
				BDDF16592E001D9C00530378 /* ProductDTO.swift in Sources */,
				BDDF16632E00203000530378 /* Constants.swift in Sources */,
				BD0201A42E005AF100A71020 /* DIContainer.swift in Sources */,
				BDDF166E2E00249E00530378 /* ProductReviewsView.swift in Sources */,
				BDDF16722E0028C400530378 /* View+Extensions.swift in Sources */,
			);
			runOnlyForDeploymentPostprocessing = 0;
		};
		BDDF160F2E0005DB00530378 /* Sources */ = {
			isa = PBXSourcesBuildPhase;
			buildActionMask = 2147483647;
			files = (
				BDDF16182E0005DB00530378 /* DemoProductAppTests.swift in Sources */,
			);
			runOnlyForDeploymentPostprocessing = 0;
		};
		BDDF16192E0005DC00530378 /* Sources */ = {
			isa = PBXSourcesBuildPhase;
			buildActionMask = 2147483647;
			files = (
				BDDF16222E0005DC00530378 /* DemoProductAppUITests.swift in Sources */,
				BDDF16242E0005DC00530378 /* DemoProductAppUITestsLaunchTests.swift in Sources */,
			);
			runOnlyForDeploymentPostprocessing = 0;
		};
/* End PBXSourcesBuildPhase section */

/* Begin PBXTargetDependency section */
		BDDF16152E0005DB00530378 /* PBXTargetDependency */ = {
			isa = PBXTargetDependency;
			target = BDDF16022E0005D400530378 /* DemoProductApp */;
			targetProxy = BDDF16142E0005DB00530378 /* PBXContainerItemProxy */;
		};
		BDDF161F2E0005DC00530378 /* PBXTargetDependency */ = {
			isa = PBXTargetDependency;
			target = BDDF16022E0005D400530378 /* DemoProductApp */;
			targetProxy = BDDF161E2E0005DC00530378 /* PBXContainerItemProxy */;
		};
/* End PBXTargetDependency section */

/* Begin XCBuildConfiguration section */
		BDDF16252E0005DC00530378 /* Debug */ = {
			isa = XCBuildConfiguration;
			buildSettings = {
				ALWAYS_SEARCH_USER_PATHS = NO;
				CLANG_ANALYZER_NONNULL = YES;
				CLANG_ANALYZER_NUMBER_OBJECT_CONVERSION = YES_AGGRESSIVE;
				CLANG_CXX_LANGUAGE_STANDARD = "gnu++20";
				CLANG_ENABLE_MODULES = YES;
				CLANG_ENABLE_OBJC_ARC = YES;
				CLANG_ENABLE_OBJC_WEAK = YES;
				CLANG_WARN_BLOCK_CAPTURE_AUTORELEASING = YES;
				CLANG_WARN_BOOL_CONVERSION = YES;
				CLANG_WARN_COMMA = YES;
				CLANG_WARN_CONSTANT_CONVERSION = YES;
				CLANG_WARN_DEPRECATED_OBJC_IMPLEMENTATIONS = YES;
				CLANG_WARN_DIRECT_OBJC_ISA_USAGE = YES_ERROR;
				CLANG_WARN_DOCUMENTATION_COMMENTS = YES;
				CLANG_WARN_EMPTY_BODY = YES;
				CLANG_WARN_ENUM_CONVERSION = YES;
				CLANG_WARN_INFINITE_RECURSION = YES;
				CLANG_WARN_INT_CONVERSION = YES;
				CLANG_WARN_NON_LITERAL_NULL_CONVERSION = YES;
				CLANG_WARN_OBJC_IMPLICIT_RETAIN_SELF = YES;
				CLANG_WARN_OBJC_LITERAL_CONVERSION = YES;
				CLANG_WARN_OBJC_ROOT_CLASS = YES_ERROR;
				CLANG_WARN_QUOTED_INCLUDE_IN_FRAMEWORK_HEADER = YES;
				CLANG_WARN_RANGE_LOOP_ANALYSIS = YES;
				CLANG_WARN_STRICT_PROTOTYPES = YES;
				CLANG_WARN_SUSPICIOUS_MOVE = YES;
				CLANG_WARN_UNGUARDED_AVAILABILITY = YES_AGGRESSIVE;
				CLANG_WARN_UNREACHABLE_CODE = YES;
				CLANG_WARN__DUPLICATE_METHOD_MATCH = YES;
				COPY_PHASE_STRIP = NO;
				DEBUG_INFORMATION_FORMAT = dwarf;
				ENABLE_STRICT_OBJC_MSGSEND = YES;
				ENABLE_TESTABILITY = YES;
				GCC_C_LANGUAGE_STANDARD = gnu11;
				GCC_DYNAMIC_NO_PIC = NO;
				GCC_NO_COMMON_BLOCKS = YES;
				GCC_OPTIMIZATION_LEVEL = 0;
				GCC_PREPROCESSOR_DEFINITIONS = (
					"DEBUG=1",
					"$(inherited)",
				);
				GCC_WARN_64_TO_32_BIT_CONVERSION = YES;
				GCC_WARN_ABOUT_RETURN_TYPE = YES_ERROR;
				GCC_WARN_UNDECLARED_SELECTOR = YES;
				GCC_WARN_UNINITIALIZED_AUTOS = YES_AGGRESSIVE;
				GCC_WARN_UNUSED_FUNCTION = YES;
				GCC_WARN_UNUSED_VARIABLE = YES;
				IPHONEOS_DEPLOYMENT_TARGET = 16.2;
				MTL_ENABLE_DEBUG_INFO = INCLUDE_SOURCE;
				MTL_FAST_MATH = YES;
				ONLY_ACTIVE_ARCH = YES;
				SDKROOT = iphoneos;
				SWIFT_ACTIVE_COMPILATION_CONDITIONS = DEBUG;
				SWIFT_OPTIMIZATION_LEVEL = "-Onone";
			};
			name = Debug;
		};
		BDDF16262E0005DC00530378 /* Release */ = {
			isa = XCBuildConfiguration;
			buildSettings = {
				ALWAYS_SEARCH_USER_PATHS = NO;
				CLANG_ANALYZER_NONNULL = YES;
				CLANG_ANALYZER_NUMBER_OBJECT_CONVERSION = YES_AGGRESSIVE;
				CLANG_CXX_LANGUAGE_STANDARD = "gnu++20";
				CLANG_ENABLE_MODULES = YES;
				CLANG_ENABLE_OBJC_ARC = YES;
				CLANG_ENABLE_OBJC_WEAK = YES;
				CLANG_WARN_BLOCK_CAPTURE_AUTORELEASING = YES;
				CLANG_WARN_BOOL_CONVERSION = YES;
				CLANG_WARN_COMMA = YES;
				CLANG_WARN_CONSTANT_CONVERSION = YES;
				CLANG_WARN_DEPRECATED_OBJC_IMPLEMENTATIONS = YES;
				CLANG_WARN_DIRECT_OBJC_ISA_USAGE = YES_ERROR;
				CLANG_WARN_DOCUMENTATION_COMMENTS = YES;
				CLANG_WARN_EMPTY_BODY = YES;
				CLANG_WARN_ENUM_CONVERSION = YES;
				CLANG_WARN_INFINITE_RECURSION = YES;
				CLANG_WARN_INT_CONVERSION = YES;
				CLANG_WARN_NON_LITERAL_NULL_CONVERSION = YES;
				CLANG_WARN_OBJC_IMPLICIT_RETAIN_SELF = YES;
				CLANG_WARN_OBJC_LITERAL_CONVERSION = YES;
				CLANG_WARN_OBJC_ROOT_CLASS = YES_ERROR;
				CLANG_WARN_QUOTED_INCLUDE_IN_FRAMEWORK_HEADER = YES;
				CLANG_WARN_RANGE_LOOP_ANALYSIS = YES;
				CLANG_WARN_STRICT_PROTOTYPES = YES;
				CLANG_WARN_SUSPICIOUS_MOVE = YES;
				CLANG_WARN_UNGUARDED_AVAILABILITY = YES_AGGRESSIVE;
				CLANG_WARN_UNREACHABLE_CODE = YES;
				CLANG_WARN__DUPLICATE_METHOD_MATCH = YES;
				COPY_PHASE_STRIP = NO;
				DEBUG_INFORMATION_FORMAT = "dwarf-with-dsym";
				ENABLE_NS_ASSERTIONS = NO;
				ENABLE_STRICT_OBJC_MSGSEND = YES;
				GCC_C_LANGUAGE_STANDARD = gnu11;
				GCC_NO_COMMON_BLOCKS = YES;
				GCC_WARN_64_TO_32_BIT_CONVERSION = YES;
				GCC_WARN_ABOUT_RETURN_TYPE = YES_ERROR;
				GCC_WARN_UNDECLARED_SELECTOR = YES;
				GCC_WARN_UNINITIALIZED_AUTOS = YES_AGGRESSIVE;
				GCC_WARN_UNUSED_FUNCTION = YES;
				GCC_WARN_UNUSED_VARIABLE = YES;
				IPHONEOS_DEPLOYMENT_TARGET = 16.2;
				MTL_ENABLE_DEBUG_INFO = NO;
				MTL_FAST_MATH = YES;
				SDKROOT = iphoneos;
				SWIFT_COMPILATION_MODE = wholemodule;
				SWIFT_OPTIMIZATION_LEVEL = "-O";
				VALIDATE_PRODUCT = YES;
			};
			name = Release;
		};
		BDDF16282E0005DC00530378 /* Debug */ = {
			isa = XCBuildConfiguration;
			buildSettings = {
				ASSETCATALOG_COMPILER_APPICON_NAME = AppIcon;
				ASSETCATALOG_COMPILER_GLOBAL_ACCENT_COLOR_NAME = AccentColor;
				CODE_SIGN_STYLE = Automatic;
				CURRENT_PROJECT_VERSION = 1;
				DEVELOPMENT_ASSET_PATHS = "\"DemoProductApp/Preview Content\"";
				DEVELOPMENT_TEAM = QH73LBC3XF;
				ENABLE_PREVIEWS = YES;
				GENERATE_INFOPLIST_FILE = YES;
				INFOPLIST_KEY_UIApplicationSceneManifest_Generation = YES;
				INFOPLIST_KEY_UIApplicationSupportsIndirectInputEvents = YES;
				INFOPLIST_KEY_UILaunchScreen_Generation = YES;
				INFOPLIST_KEY_UISupportedInterfaceOrientations_iPad = "UIInterfaceOrientationPortrait UIInterfaceOrientationPortraitUpsideDown UIInterfaceOrientationLandscapeLeft UIInterfaceOrientationLandscapeRight";
				INFOPLIST_KEY_UISupportedInterfaceOrientations_iPhone = "UIInterfaceOrientationPortrait UIInterfaceOrientationLandscapeLeft UIInterfaceOrientationLandscapeRight";
				LD_RUNPATH_SEARCH_PATHS = (
					"$(inherited)",
					"@executable_path/Frameworks",
				);
				MARKETING_VERSION = 1.0;
				PRODUCT_BUNDLE_IDENTIFIER = com.dev.prac.DemoProductApp;
				PRODUCT_NAME = "$(TARGET_NAME)";
				SWIFT_EMIT_LOC_STRINGS = YES;
				SWIFT_VERSION = 5.0;
				TARGETED_DEVICE_FAMILY = "1,2";
			};
			name = Debug;
		};
		BDDF16292E0005DC00530378 /* Release */ = {
			isa = XCBuildConfiguration;
			buildSettings = {
				ASSETCATALOG_COMPILER_APPICON_NAME = AppIcon;
				ASSETCATALOG_COMPILER_GLOBAL_ACCENT_COLOR_NAME = AccentColor;
				CODE_SIGN_STYLE = Automatic;
				CURRENT_PROJECT_VERSION = 1;
				DEVELOPMENT_ASSET_PATHS = "\"DemoProductApp/Preview Content\"";
				DEVELOPMENT_TEAM = QH73LBC3XF;
				ENABLE_PREVIEWS = YES;
				GENERATE_INFOPLIST_FILE = YES;
				INFOPLIST_KEY_UIApplicationSceneManifest_Generation = YES;
				INFOPLIST_KEY_UIApplicationSupportsIndirectInputEvents = YES;
				INFOPLIST_KEY_UILaunchScreen_Generation = YES;
				INFOPLIST_KEY_UISupportedInterfaceOrientations_iPad = "UIInterfaceOrientationPortrait UIInterfaceOrientationPortraitUpsideDown UIInterfaceOrientationLandscapeLeft UIInterfaceOrientationLandscapeRight";
				INFOPLIST_KEY_UISupportedInterfaceOrientations_iPhone = "UIInterfaceOrientationPortrait UIInterfaceOrientationLandscapeLeft UIInterfaceOrientationLandscapeRight";
				LD_RUNPATH_SEARCH_PATHS = (
					"$(inherited)",
					"@executable_path/Frameworks",
				);
				MARKETING_VERSION = 1.0;
				PRODUCT_BUNDLE_IDENTIFIER = com.dev.prac.DemoProductApp;
				PRODUCT_NAME = "$(TARGET_NAME)";
				SWIFT_EMIT_LOC_STRINGS = YES;
				SWIFT_VERSION = 5.0;
				TARGETED_DEVICE_FAMILY = "1,2";
			};
			name = Release;
		};
		BDDF162B2E0005DC00530378 /* Debug */ = {
			isa = XCBuildConfiguration;
			buildSettings = {
				ALWAYS_EMBED_SWIFT_STANDARD_LIBRARIES = YES;
				BUNDLE_LOADER = "$(TEST_HOST)";
				CODE_SIGN_STYLE = Automatic;
				CURRENT_PROJECT_VERSION = 1;
				DEVELOPMENT_TEAM = QH73LBC3XF;
				GENERATE_INFOPLIST_FILE = YES;
				IPHONEOS_DEPLOYMENT_TARGET = 16.2;
				MARKETING_VERSION = 1.0;
				PRODUCT_BUNDLE_IDENTIFIER = com.dev.prac.DemoProductAppTests;
				PRODUCT_NAME = "$(TARGET_NAME)";
				SWIFT_EMIT_LOC_STRINGS = NO;
				SWIFT_VERSION = 5.0;
				TARGETED_DEVICE_FAMILY = "1,2";
				TEST_HOST = "$(BUILT_PRODUCTS_DIR)/DemoProductApp.app/$(BUNDLE_EXECUTABLE_FOLDER_PATH)/DemoProductApp";
			};
			name = Debug;
		};
		BDDF162C2E0005DC00530378 /* Release */ = {
			isa = XCBuildConfiguration;
			buildSettings = {
				ALWAYS_EMBED_SWIFT_STANDARD_LIBRARIES = YES;
				BUNDLE_LOADER = "$(TEST_HOST)";
				CODE_SIGN_STYLE = Automatic;
				CURRENT_PROJECT_VERSION = 1;
				DEVELOPMENT_TEAM = QH73LBC3XF;
				GENERATE_INFOPLIST_FILE = YES;
				IPHONEOS_DEPLOYMENT_TARGET = 16.2;
				MARKETING_VERSION = 1.0;
				PRODUCT_BUNDLE_IDENTIFIER = com.dev.prac.DemoProductAppTests;
				PRODUCT_NAME = "$(TARGET_NAME)";
				SWIFT_EMIT_LOC_STRINGS = NO;
				SWIFT_VERSION = 5.0;
				TARGETED_DEVICE_FAMILY = "1,2";
				TEST_HOST = "$(BUILT_PRODUCTS_DIR)/DemoProductApp.app/$(BUNDLE_EXECUTABLE_FOLDER_PATH)/DemoProductApp";
			};
			name = Release;
		};
		BDDF162E2E0005DC00530378 /* Debug */ = {
			isa = XCBuildConfiguration;
			buildSettings = {
				ALWAYS_EMBED_SWIFT_STANDARD_LIBRARIES = YES;
				CODE_SIGN_STYLE = Automatic;
				CURRENT_PROJECT_VERSION = 1;
				DEVELOPMENT_TEAM = QH73LBC3XF;
				GENERATE_INFOPLIST_FILE = YES;
				MARKETING_VERSION = 1.0;
				PRODUCT_BUNDLE_IDENTIFIER = com.dev.prac.DemoProductAppUITests;
				PRODUCT_NAME = "$(TARGET_NAME)";
				SWIFT_EMIT_LOC_STRINGS = NO;
				SWIFT_VERSION = 5.0;
				TARGETED_DEVICE_FAMILY = "1,2";
				TEST_TARGET_NAME = DemoProductApp;
			};
			name = Debug;
		};
		BDDF162F2E0005DC00530378 /* Release */ = {
			isa = XCBuildConfiguration;
			buildSettings = {
				ALWAYS_EMBED_SWIFT_STANDARD_LIBRARIES = YES;
				CODE_SIGN_STYLE = Automatic;
				CURRENT_PROJECT_VERSION = 1;
				DEVELOPMENT_TEAM = QH73LBC3XF;
				GENERATE_INFOPLIST_FILE = YES;
				MARKETING_VERSION = 1.0;
				PRODUCT_BUNDLE_IDENTIFIER = com.dev.prac.DemoProductAppUITests;
				PRODUCT_NAME = "$(TARGET_NAME)";
				SWIFT_EMIT_LOC_STRINGS = NO;
				SWIFT_VERSION = 5.0;
				TARGETED_DEVICE_FAMILY = "1,2";
				TEST_TARGET_NAME = DemoProductApp;
			};
			name = Release;
		};
/* End XCBuildConfiguration section */

/* Begin XCConfigurationList section */
		BDDF15FE2E0005D400530378 /* Build configuration list for PBXProject "DemoProductApp" */ = {
			isa = XCConfigurationList;
			buildConfigurations = (
				BDDF16252E0005DC00530378 /* Debug */,
				BDDF16262E0005DC00530378 /* Release */,
			);
			defaultConfigurationIsVisible = 0;
			defaultConfigurationName = Release;
		};
		BDDF16272E0005DC00530378 /* Build configuration list for PBXNativeTarget "DemoProductApp" */ = {
			isa = XCConfigurationList;
			buildConfigurations = (
				BDDF16282E0005DC00530378 /* Debug */,
				BDDF16292E0005DC00530378 /* Release */,
			);
			defaultConfigurationIsVisible = 0;
			defaultConfigurationName = Release;
		};
		BDDF162A2E0005DC00530378 /* Build configuration list for PBXNativeTarget "DemoProductAppTests" */ = {
			isa = XCConfigurationList;
			buildConfigurations = (
				BDDF162B2E0005DC00530378 /* Debug */,
				BDDF162C2E0005DC00530378 /* Release */,
			);
			defaultConfigurationIsVisible = 0;
			defaultConfigurationName = Release;
		};
		BDDF162D2E0005DC00530378 /* Build configuration list for PBXNativeTarget "DemoProductAppUITests" */ = {
			isa = XCConfigurationList;
			buildConfigurations = (
				BDDF162E2E0005DC00530378 /* Debug */,
				BDDF162F2E0005DC00530378 /* Release */,
			);
			defaultConfigurationIsVisible = 0;
			defaultConfigurationName = Release;
		};
/* End XCConfigurationList section */
	};
	rootObject = BDDF15FB2E0005D400530378 /* Project object */;
}
